// !$*UTF8*$!
{
	archiveVersion = 1;
	classes = {
	};
	objectVersion = 46;
	objects = {

/* Begin PBXBuildFile section */
		296E0D451E53FC0400A873D5 /* AppDelegate.swift in Sources */ = {isa = PBXBuildFile; fileRef = 296E0D441E53FC0400A873D5 /* AppDelegate.swift */; };
		296E0D471E53FC0400A873D5 /* ViewController.swift in Sources */ = {isa = PBXBuildFile; fileRef = 296E0D461E53FC0400A873D5 /* ViewController.swift */; };
		296E0D4A1E53FC0400A873D5 /* Main.storyboard in Resources */ = {isa = PBXBuildFile; fileRef = 296E0D481E53FC0400A873D5 /* Main.storyboard */; };
		296E0D4C1E53FC0400A873D5 /* Assets.xcassets in Resources */ = {isa = PBXBuildFile; fileRef = 296E0D4B1E53FC0400A873D5 /* Assets.xcassets */; };
		296E0D4F1E53FC0400A873D5 /* LaunchScreen.storyboard in Resources */ = {isa = PBXBuildFile; fileRef = 296E0D4D1E53FC0400A873D5 /* LaunchScreen.storyboard */; };
		296E0D581E54027E00A873D5 /* TableViewCell.swift in Sources */ = {isa = PBXBuildFile; fileRef = 296E0D561E54027E00A873D5 /* TableViewCell.swift */; };
		296E0D591E54027E00A873D5 /* TableViewCell.xib in Resources */ = {isa = PBXBuildFile; fileRef = 296E0D571E54027E00A873D5 /* TableViewCell.xib */; };
		296E0D5B1E540D3000A873D5 /* TouchEndEdit.swift in Sources */ = {isa = PBXBuildFile; fileRef = 296E0D5A1E540D3000A873D5 /* TouchEndEdit.swift */; };
/* End PBXBuildFile section */

/* Begin PBXFileReference section */
		296E0D411E53FC0400A873D5 /* TakeOutFoodPrice.app */ = {isa = PBXFileReference; explicitFileType = wrapper.application; includeInIndex = 0; path = TakeOutFoodPrice.app; sourceTree = BUILT_PRODUCTS_DIR; };
		296E0D441E53FC0400A873D5 /* AppDelegate.swift */ = {isa = PBXFileReference; lastKnownFileType = sourcecode.swift; path = AppDelegate.swift; sourceTree = "<group>"; };
		296E0D461E53FC0400A873D5 /* ViewController.swift */ = {isa = PBXFileReference; lastKnownFileType = sourcecode.swift; path = ViewController.swift; sourceTree = "<group>"; };
		296E0D491E53FC0400A873D5 /* Base */ = {isa = PBXFileReference; lastKnownFileType = file.storyboard; name = Base; path = Base.lproj/Main.storyboard; sourceTree = "<group>"; };
		296E0D4B1E53FC0400A873D5 /* Assets.xcassets */ = {isa = PBXFileReference; lastKnownFileType = folder.assetcatalog; path = Assets.xcassets; sourceTree = "<group>"; };
		296E0D4E1E53FC0400A873D5 /* Base */ = {isa = PBXFileReference; lastKnownFileType = file.storyboard; name = Base; path = Base.lproj/LaunchScreen.storyboard; sourceTree = "<group>"; };
		296E0D501E53FC0400A873D5 /* Info.plist */ = {isa = PBXFileReference; lastKnownFileType = text.plist.xml; path = Info.plist; sourceTree = "<group>"; };
		296E0D561E54027E00A873D5 /* TableViewCell.swift */ = {isa = PBXFileReference; fileEncoding = 4; lastKnownFileType = sourcecode.swift; path = TableViewCell.swift; sourceTree = "<group>"; };
		296E0D571E54027E00A873D5 /* TableViewCell.xib */ = {isa = PBXFileReference; fileEncoding = 4; lastKnownFileType = file.xib; path = TableViewCell.xib; sourceTree = "<group>"; };
		296E0D5A1E540D3000A873D5 /* TouchEndEdit.swift */ = {isa = PBXFileReference; fileEncoding = 4; lastKnownFileType = sourcecode.swift; path = TouchEndEdit.swift; sourceTree = "<group>"; };
/* End PBXFileReference section */

/* Begin PBXFrameworksBuildPhase section */
		296E0D3E1E53FC0400A873D5 /* Frameworks */ = {
			isa = PBXFrameworksBuildPhase;
			buildActionMask = 2147483647;
			files = (
			);
			runOnlyForDeploymentPostprocessing = 0;
		};
/* End PBXFrameworksBuildPhase section */

/* Begin PBXGroup section */
		296E0D381E53FC0400A873D5 = {
			isa = PBXGroup;
			children = (
				296E0D431E53FC0400A873D5 /* TakeOutFoodPrice */,
				296E0D421E53FC0400A873D5 /* Products */,
			);
			sourceTree = "<group>";
		};
		296E0D421E53FC0400A873D5 /* Products */ = {
			isa = PBXGroup;
			children = (
				296E0D411E53FC0400A873D5 /* TakeOutFoodPrice.app */,
			);
			name = Products;
			sourceTree = "<group>";
		};
		296E0D431E53FC0400A873D5 /* TakeOutFoodPrice */ = {
			isa = PBXGroup;
			children = (
				296E0D441E53FC0400A873D5 /* AppDelegate.swift */,
				296E0D461E53FC0400A873D5 /* ViewController.swift */,
				296E0D481E53FC0400A873D5 /* Main.storyboard */,
				296E0D4B1E53FC0400A873D5 /* Assets.xcassets */,
				296E0D4D1E53FC0400A873D5 /* LaunchScreen.storyboard */,
				296E0D501E53FC0400A873D5 /* Info.plist */,
				296E0D561E54027E00A873D5 /* TableViewCell.swift */,
				296E0D571E54027E00A873D5 /* TableViewCell.xib */,
				296E0D5A1E540D3000A873D5 /* TouchEndEdit.swift */,
			);
			path = TakeOutFoodPrice;
			sourceTree = "<group>";
		};
/* End PBXGroup section */

/* Begin PBXNativeTarget section */
		296E0D401E53FC0400A873D5 /* TakeOutFoodPrice */ = {
			isa = PBXNativeTarget;
			buildConfigurationList = 296E0D531E53FC0400A873D5 /* Build configuration list for PBXNativeTarget "TakeOutFoodPrice" */;
			buildPhases = (
				296E0D3D1E53FC0400A873D5 /* Sources */,
				296E0D3E1E53FC0400A873D5 /* Frameworks */,
				296E0D3F1E53FC0400A873D5 /* Resources */,
			);
			buildRules = (
			);
			dependencies = (
			);
			name = TakeOutFoodPrice;
			productName = TakeOutFoodPrice;
			productReference = 296E0D411E53FC0400A873D5 /* TakeOutFoodPrice.app */;
			productType = "com.apple.product-type.application";
		};
/* End PBXNativeTarget section */

/* Begin PBXProject section */
		296E0D391E53FC0400A873D5 /* Project object */ = {
			isa = PBXProject;
			attributes = {
				LastSwiftUpdateCheck = 0820;
				LastUpgradeCheck = 0820;
				ORGANIZATIONNAME = "强新宇";
				TargetAttributes = {
					296E0D401E53FC0400A873D5 = {
						CreatedOnToolsVersion = 8.2.1;
						DevelopmentTeam = UAA3E7W55E;
						ProvisioningStyle = Manual;
					};
				};
			};
			buildConfigurationList = 296E0D3C1E53FC0400A873D5 /* Build configuration list for PBXProject "TakeOutFoodPrice" */;
			compatibilityVersion = "Xcode 3.2";
			developmentRegion = English;
			hasScannedForEncodings = 0;
			knownRegions = (
				en,
				Base,
			);
			mainGroup = 296E0D381E53FC0400A873D5;
			productRefGroup = 296E0D421E53FC0400A873D5 /* Products */;
			projectDirPath = "";
			projectRoot = "";
			targets = (
				296E0D401E53FC0400A873D5 /* TakeOutFoodPrice */,
			);
		};
/* End PBXProject section */

/* Begin PBXResourcesBuildPhase section */
		296E0D3F1E53FC0400A873D5 /* Resources */ = {
			isa = PBXResourcesBuildPhase;
			buildActionMask = 2147483647;
			files = (
				296E0D4F1E53FC0400A873D5 /* LaunchScreen.storyboard in Resources */,
				296E0D591E54027E00A873D5 /* TableViewCell.xib in Resources */,
				296E0D4C1E53FC0400A873D5 /* Assets.xcassets in Resources */,
				296E0D4A1E53FC0400A873D5 /* Main.storyboard in Resources */,
			);
			runOnlyForDeploymentPostprocessing = 0;
		};
/* End PBXResourcesBuildPhase section */

/* Begin PBXSourcesBuildPhase section */
		296E0D3D1E53FC0400A873D5 /* Sources */ = {
			isa = PBXSourcesBuildPhase;
			buildActionMask = 2147483647;
			files = (
				296E0D581E54027E00A873D5 /* TableViewCell.swift in Sources */,
				296E0D5B1E540D3000A873D5 /* TouchEndEdit.swift in Sources */,
				296E0D471E53FC0400A873D5 /* ViewController.swift in Sources */,
				296E0D451E53FC0400A873D5 /* AppDelegate.swift in Sources */,
			);
			runOnlyForDeploymentPostprocessing = 0;
		};
/* End PBXSourcesBuildPhase section */

/* Begin PBXVariantGroup section */
		296E0D481E53FC0400A873D5 /* Main.storyboard */ = {
			isa = PBXVariantGroup;
			children = (
				296E0D491E53FC0400A873D5 /* Base */,
			);
			name = Main.storyboard;
			sourceTree = "<group>";
		};
		296E0D4D1E53FC0400A873D5 /* LaunchScreen.storyboard */ = {
			isa = PBXVariantGroup;
			children = (
				296E0D4E1E53FC0400A873D5 /* Base */,
			);
			name = LaunchScreen.storyboard;
			sourceTree = "<group>";
		};
/* End PBXVariantGroup section */

/* Begin XCBuildConfiguration section */
		296E0D511E53FC0400A873D5 /* Debug */ = {
			isa = XCBuildConfiguration;
			buildSettings = {
				ALWAYS_SEARCH_USER_PATHS = NO;
				CLANG_ANALYZER_NONNULL = YES;
				CLANG_CXX_LANGUAGE_STANDARD = "gnu++0x";
				CLANG_CXX_LIBRARY = "libc++";
				CLANG_ENABLE_MODULES = YES;
				CLANG_ENABLE_OBJC_ARC = YES;
				CLANG_WARN_BOOL_CONVERSION = YES;
				CLANG_WARN_CONSTANT_CONVERSION = YES;
				CLANG_WARN_DIRECT_OBJC_ISA_USAGE = YES_ERROR;
				CLANG_WARN_DOCUMENTATION_COMMENTS = YES;
				CLANG_WARN_EMPTY_BODY = YES;
				CLANG_WARN_ENUM_CONVERSION = YES;
				CLANG_WARN_INFINITE_RECURSION = YES;
				CLANG_WARN_INT_CONVERSION = YES;
				CLANG_WARN_OBJC_ROOT_CLASS = YES_ERROR;
				CLANG_WARN_SUSPICIOUS_MOVE = YES;
				CLANG_WARN_UNREACHABLE_CODE = YES;
				CLANG_WARN__DUPLICATE_METHOD_MATCH = YES;
				"CODE_SIGN_IDENTITY[sdk=iphoneos*]" = "iPhone Developer";
				COPY_PHASE_STRIP = NO;
				DEBUG_INFORMATION_FORMAT = dwarf;
				ENABLE_STRICT_OBJC_MSGSEND = YES;
				ENABLE_TESTABILITY = YES;
				GCC_C_LANGUAGE_STANDARD = gnu99;
				GCC_DYNAMIC_NO_PIC = NO;
				GCC_NO_COMMON_BLOCKS = YES;
				GCC_OPTIMIZATION_LEVEL = 0;
				GCC_PREPROCESSOR_DEFINITIONS = (
					"DEBUG=1",
					"$(inherited)",
				);
				GCC_WARN_64_TO_32_BIT_CONVERSION = YES;
				GCC_WARN_ABOUT_RETURN_TYPE = YES_ERROR;
				GCC_WARN_UNDECLARED_SELECTOR = YES;
				GCC_WARN_UNINITIALIZED_AUTOS = YES_AGGRESSIVE;
				GCC_WARN_UNUSED_FUNCTION = YES;
				GCC_WARN_UNUSED_VARIABLE = YES;
				IPHONEOS_DEPLOYMENT_TARGET = 10.2;
				MTL_ENABLE_DEBUG_INFO = YES;
				ONLY_ACTIVE_ARCH = YES;
				SDKROOT = iphoneos;
				SWIFT_ACTIVE_COMPILATION_CONDITIONS = DEBUG;
				SWIFT_OPTIMIZATION_LEVEL = "-Onone";
				TARGETED_DEVICE_FAMILY = "1,2";
			};
			name = Debug;
		};
		296E0D521E53FC0400A873D5 /* Release */ = {
			isa = XCBuildConfiguration;
			buildSettings = {
				ALWAYS_SEARCH_USER_PATHS = NO;
				CLANG_ANALYZER_NONNULL = YES;
				CLANG_CXX_LANGUAGE_STANDARD = "gnu++0x";
				CLANG_CXX_LIBRARY = "libc++";
				CLANG_ENABLE_MODULES = YES;
				CLANG_ENABLE_OBJC_ARC = YES;
				CLANG_WARN_BOOL_CONVERSION = YES;
				CLANG_WARN_CONSTANT_CONVERSION = YES;
				CLANG_WARN_DIRECT_OBJC_ISA_USAGE = YES_ERROR;
				CLANG_WARN_DOCUMENTATION_COMMENTS = YES;
				CLANG_WARN_EMPTY_BODY = YES;
				CLANG_WARN_ENUM_CONVERSION = YES;
				CLANG_WARN_INFINITE_RECURSION = YES;
				CLANG_WARN_INT_CONVERSION = YES;
				CLANG_WARN_OBJC_ROOT_CLASS = YES_ERROR;
				CLANG_WARN_SUSPICIOUS_MOVE = YES;
				CLANG_WARN_UNREACHABLE_CODE = YES;
				CLANG_WARN__DUPLICATE_METHOD_MATCH = YES;
				"CODE_SIGN_IDENTITY[sdk=iphoneos*]" = "iPhone Developer";
				COPY_PHASE_STRIP = NO;
				DEBUG_INFORMATION_FORMAT = "dwarf-with-dsym";
				ENABLE_NS_ASSERTIONS = NO;
				ENABLE_STRICT_OBJC_MSGSEND = YES;
				GCC_C_LANGUAGE_STANDARD = gnu99;
				GCC_NO_COMMON_BLOCKS = YES;
				GCC_WARN_64_TO_32_BIT_CONVERSION = YES;
				GCC_WARN_ABOUT_RETURN_TYPE = YES_ERROR;
				GCC_WARN_UNDECLARED_SELECTOR = YES;
				GCC_WARN_UNINITIALIZED_AUTOS = YES_AGGRESSIVE;
				GCC_WARN_UNUSED_FUNCTION = YES;
				GCC_WARN_UNUSED_VARIABLE = YES;
				IPHONEOS_DEPLOYMENT_TARGET = 10.2;
				MTL_ENABLE_DEBUG_INFO = NO;
				SDKROOT = iphoneos;
				SWIFT_OPTIMIZATION_LEVEL = "-Owholemodule";
				TARGETED_DEVICE_FAMILY = "1,2";
				VALIDATE_PRODUCT = YES;
			};
			name = Release;
		};
		296E0D541E53FC0400A873D5 /* Debug */ = {
			isa = XCBuildConfiguration;
			buildSettings = {
				ASSETCATALOG_COMPILER_APPICON_NAME = AppIcon;
				"CODE_SIGN_IDENTITY[sdk=iphoneos*]" = "iPhone Distribution";
				DEVELOPMENT_TEAM = UAA3E7W55E;
				ENABLE_BITCODE = NO;
				INFOPLIST_FILE = TakeOutFoodPrice/Info.plist;
				IPHONEOS_DEPLOYMENT_TARGET = 8.0;
				LD_RUNPATH_SEARCH_PATHS = "$(inherited) @executable_path/Frameworks";
				PRODUCT_BUNDLE_IDENTIFIER = com.qxy.TakeOutFoodPrice;
				PRODUCT_NAME = "$(TARGET_NAME)";
				PROVISIONING_PROFILE = "53351d75-1337-4b86-9b0c-dbca0afdde25";
				PROVISIONING_PROFILE_SPECIFIER = TakeOutFood_Hoc;
				SWIFT_VERSION = 3.0;
			};
			name = Debug;
		};
		296E0D551E53FC0400A873D5 /* Release */ = {
			isa = XCBuildConfiguration;
			buildSettings = {
				ASSETCATALOG_COMPILER_APPICON_NAME = AppIcon;
				"CODE_SIGN_IDENTITY[sdk=iphoneos*]" = "iPhone Distribution";
				DEVELOPMENT_TEAM = UAA3E7W55E;
				ENABLE_BITCODE = NO;
				INFOPLIST_FILE = TakeOutFoodPrice/Info.plist;
				IPHONEOS_DEPLOYMENT_TARGET = 8.0;
				LD_RUNPATH_SEARCH_PATHS = "$(inherited) @executable_path/Frameworks";
				PRODUCT_BUNDLE_IDENTIFIER = com.qxy.TakeOutFoodPrice;
				PRODUCT_NAME = "$(TARGET_NAME)";
				PROVISIONING_PROFILE = "53351d75-1337-4b86-9b0c-dbca0afdde25";
				PROVISIONING_PROFILE_SPECIFIER = TakeOutFood_Hoc;
				SWIFT_VERSION = 3.0;
			};
			name = Release;
		};
/* End XCBuildConfiguration section */

/* Begin XCConfigurationList section */
		296E0D3C1E53FC0400A873D5 /* Build configuration list for PBXProject "TakeOutFoodPrice" */ = {
			isa = XCConfigurationList;
			buildConfigurations = (
				296E0D511E53FC0400A873D5 /* Debug */,
				296E0D521E53FC0400A873D5 /* Release */,
			);
			defaultConfigurationIsVisible = 0;
			defaultConfigurationName = Release;
		};
		296E0D531E53FC0400A873D5 /* Build configuration list for PBXNativeTarget "TakeOutFoodPrice" */ = {
			isa = XCConfigurationList;
			buildConfigurations = (
				296E0D541E53FC0400A873D5 /* Debug */,
				296E0D551E53FC0400A873D5 /* Release */,
			);
			defaultConfigurationIsVisible = 0;
			defaultConfigurationName = Release;
		};
/* End XCConfigurationList section */
	};
	rootObject = 296E0D391E53FC0400A873D5 /* Project object */;
}
